// !$*UTF8*$!
{
	archiveVersion = 1;
	classes = {
	};
	objectVersion = 48;
	objects = {

/* Begin PBXBuildFile section */
		4A3243E01FE3B6EC00C0A3E5 /* AppDelegate.swift in Sources */ = {isa = PBXBuildFile; fileRef = 4A3243DF1FE3B6EC00C0A3E5 /* AppDelegate.swift */; };
		4A3243E21FE3B6EC00C0A3E5 /* ViewController.swift in Sources */ = {isa = PBXBuildFile; fileRef = 4A3243E11FE3B6EC00C0A3E5 /* ViewController.swift */; };
		4A3243E51FE3B6EC00C0A3E5 /* Main.storyboard in Resources */ = {isa = PBXBuildFile; fileRef = 4A3243E31FE3B6EC00C0A3E5 /* Main.storyboard */; };
		4A3243E71FE3B6EC00C0A3E5 /* Assets.xcassets in Resources */ = {isa = PBXBuildFile; fileRef = 4A3243E61FE3B6EC00C0A3E5 /* Assets.xcassets */; };
		4A3243EA1FE3B6EC00C0A3E5 /* LaunchScreen.storyboard in Resources */ = {isa = PBXBuildFile; fileRef = 4A3243E81FE3B6EC00C0A3E5 /* LaunchScreen.storyboard */; };
		4A7B96371FE3C43800193093 /* MusicTypes.swift in Sources */ = {isa = PBXBuildFile; fileRef = 4A7B96361FE3C43800193093 /* MusicTypes.swift */; };
/* End PBXBuildFile section */

/* Begin PBXFileReference section */
		4A3243DC1FE3B6EC00C0A3E5 /* NameThatTune.app */ = {isa = PBXFileReference; explicitFileType = wrapper.application; includeInIndex = 0; path = NameThatTune.app; sourceTree = BUILT_PRODUCTS_DIR; };
		4A3243DF1FE3B6EC00C0A3E5 /* AppDelegate.swift */ = {isa = PBXFileReference; lastKnownFileType = sourcecode.swift; path = AppDelegate.swift; sourceTree = "<group>"; };
		4A3243E11FE3B6EC00C0A3E5 /* ViewController.swift */ = {isa = PBXFileReference; lastKnownFileType = sourcecode.swift; path = ViewController.swift; sourceTree = "<group>"; };
		4A3243E41FE3B6EC00C0A3E5 /* Base */ = {isa = PBXFileReference; lastKnownFileType = file.storyboard; name = Base; path = Base.lproj/Main.storyboard; sourceTree = "<group>"; };
		4A3243E61FE3B6EC00C0A3E5 /* Assets.xcassets */ = {isa = PBXFileReference; lastKnownFileType = folder.assetcatalog; path = Assets.xcassets; sourceTree = "<group>"; };
		4A3243E91FE3B6EC00C0A3E5 /* Base */ = {isa = PBXFileReference; lastKnownFileType = file.storyboard; name = Base; path = Base.lproj/LaunchScreen.storyboard; sourceTree = "<group>"; };
		4A3243EB1FE3B6EC00C0A3E5 /* Info.plist */ = {isa = PBXFileReference; lastKnownFileType = text.plist.xml; path = Info.plist; sourceTree = "<group>"; };
		4A7B96361FE3C43800193093 /* MusicTypes.swift */ = {isa = PBXFileReference; lastKnownFileType = sourcecode.swift; path = MusicTypes.swift; sourceTree = "<group>"; };
/* End PBXFileReference section */

/* Begin PBXFrameworksBuildPhase section */
		4A3243D91FE3B6EC00C0A3E5 /* Frameworks */ = {
			isa = PBXFrameworksBuildPhase;
			buildActionMask = 2147483647;
			files = (
			);
			runOnlyForDeploymentPostprocessing = 0;
		};
/* End PBXFrameworksBuildPhase section */

/* Begin PBXGroup section */
		4A3243D31FE3B6EC00C0A3E5 = {
			isa = PBXGroup;
			children = (
				4A3243DE1FE3B6EC00C0A3E5 /* NameThatTune */,
				4A3243DD1FE3B6EC00C0A3E5 /* Products */,
			);
			sourceTree = "<group>";
		};
		4A3243DD1FE3B6EC00C0A3E5 /* Products */ = {
			isa = PBXGroup;
			children = (
				4A3243DC1FE3B6EC00C0A3E5 /* NameThatTune.app */,
			);
			name = Products;
			sourceTree = "<group>";
		};
		4A3243DE1FE3B6EC00C0A3E5 /* NameThatTune */ = {
			isa = PBXGroup;
			children = (
				4A3243DF1FE3B6EC00C0A3E5 /* AppDelegate.swift */,
				4A3243E11FE3B6EC00C0A3E5 /* ViewController.swift */,
				4A7B96361FE3C43800193093 /* MusicTypes.swift */,
				4A3243E31FE3B6EC00C0A3E5 /* Main.storyboard */,
				4A3243E61FE3B6EC00C0A3E5 /* Assets.xcassets */,
				4A3243E81FE3B6EC00C0A3E5 /* LaunchScreen.storyboard */,
				4A3243EB1FE3B6EC00C0A3E5 /* Info.plist */,
			);
			path = NameThatTune;
			sourceTree = "<group>";
		};
/* End PBXGroup section */

/* Begin PBXNativeTarget section */
		4A3243DB1FE3B6EC00C0A3E5 /* NameThatTune */ = {
			isa = PBXNativeTarget;
			buildConfigurationList = 4A3243EE1FE3B6EC00C0A3E5 /* Build configuration list for PBXNativeTarget "NameThatTune" */;
			buildPhases = (
				4A3243D81FE3B6EC00C0A3E5 /* Sources */,
				4A3243D91FE3B6EC00C0A3E5 /* Frameworks */,
				4A3243DA1FE3B6EC00C0A3E5 /* Resources */,
			);
			buildRules = (
			);
			dependencies = (
			);
			name = NameThatTune;
			productName = NameThatTune;
			productReference = 4A3243DC1FE3B6EC00C0A3E5 /* NameThatTune.app */;
			productType = "com.apple.product-type.application";
		};
/* End PBXNativeTarget section */

/* Begin PBXProject section */
		4A3243D41FE3B6EC00C0A3E5 /* Project object */ = {
			isa = PBXProject;
			attributes = {
				LastSwiftUpdateCheck = 0920;
				LastUpgradeCheck = 0920;
				ORGANIZATIONNAME = "Mohammed Al-Dahleh";
				TargetAttributes = {
					4A3243DB1FE3B6EC00C0A3E5 = {
						CreatedOnToolsVersion = 9.2;
						ProvisioningStyle = Automatic;
					};
				};
			};
			buildConfigurationList = 4A3243D71FE3B6EC00C0A3E5 /* Build configuration list for PBXProject "NameThatTune" */;
			compatibilityVersion = "Xcode 8.0";
			developmentRegion = en;
			hasScannedForEncodings = 0;
			knownRegions = (
				en,
				Base,
			);
			mainGroup = 4A3243D31FE3B6EC00C0A3E5;
			productRefGroup = 4A3243DD1FE3B6EC00C0A3E5 /* Products */;
			projectDirPath = "";
			projectRoot = "";
			targets = (
				4A3243DB1FE3B6EC00C0A3E5 /* NameThatTune */,
			);
		};
/* End PBXProject section */

/* Begin PBXResourcesBuildPhase section */
		4A3243DA1FE3B6EC00C0A3E5 /* Resources */ = {
			isa = PBXResourcesBuildPhase;
			buildActionMask = 2147483647;
			files = (
				4A3243EA1FE3B6EC00C0A3E5 /* LaunchScreen.storyboard in Resources */,
				4A3243E71FE3B6EC00C0A3E5 /* Assets.xcassets in Resources */,
				4A3243E51FE3B6EC00C0A3E5 /* Main.storyboard in Resources */,
			);
			runOnlyForDeploymentPostprocessing = 0;
		};
/* End PBXResourcesBuildPhase section */

/* Begin PBXSourcesBuildPhase section */
		4A3243D81FE3B6EC00C0A3E5 /* Sources */ = {
			isa = PBXSourcesBuildPhase;
			buildActionMask = 2147483647;
			files = (
				4A3243E21FE3B6EC00C0A3E5 /* ViewController.swift in Sources */,
				4A7B96371FE3C43800193093 /* MusicTypes.swift in Sources */,
				4A3243E01FE3B6EC00C0A3E5 /* AppDelegate.swift in Sources */,
			);
			runOnlyForDeploymentPostprocessing = 0;
		};
/* End PBXSourcesBuildPhase section */

/* Begin PBXVariantGroup section */
		4A3243E31FE3B6EC00C0A3E5 /* Main.storyboard */ = {
			isa = PBXVariantGroup;
			children = (
				4A3243E41FE3B6EC00C0A3E5 /* Base */,
			);
			name = Main.storyboard;
			sourceTree = "<group>";
		};
		4A3243E81FE3B6EC00C0A3E5 /* LaunchScreen.storyboard */ = {
			isa = PBXVariantGroup;
			children = (
				4A3243E91FE3B6EC00C0A3E5 /* Base */,
			);
			name = LaunchScreen.storyboard;
			sourceTree = "<group>";
		};
/* End PBXVariantGroup section */

/* Begin XCBuildConfiguration section */
		4A3243EC1FE3B6EC00C0A3E5 /* Debug */ = {
			isa = XCBuildConfiguration;
			buildSettings = {
				ALWAYS_SEARCH_USER_PATHS = NO;
				CLANG_ANALYZER_NONNULL = YES;
				CLANG_ANALYZER_NUMBER_OBJECT_CONVERSION = YES_AGGRESSIVE;
				CLANG_CXX_LANGUAGE_STANDARD = "gnu++14";
				CLANG_CXX_LIBRARY = "libc++";
				CLANG_ENABLE_MODULES = YES;
				CLANG_ENABLE_OBJC_ARC = YES;
				CLANG_WARN_BLOCK_CAPTURE_AUTORELEASING = YES;
				CLANG_WARN_BOOL_CONVERSION = YES;
				CLANG_WARN_COMMA = YES;
				CLANG_WARN_CONSTANT_CONVERSION = YES;
				CLANG_WARN_DIRECT_OBJC_ISA_USAGE = YES_ERROR;
				CLANG_WARN_DOCUMENTATION_COMMENTS = YES;
				CLANG_WARN_EMPTY_BODY = YES;
				CLANG_WARN_ENUM_CONVERSION = YES;
				CLANG_WARN_INFINITE_RECURSION = YES;
				CLANG_WARN_INT_CONVERSION = YES;
				CLANG_WARN_NON_LITERAL_NULL_CONVERSION = YES;
				CLANG_WARN_OBJC_LITERAL_CONVERSION = YES;
				CLANG_WARN_OBJC_ROOT_CLASS = YES_ERROR;
				CLANG_WARN_RANGE_LOOP_ANALYSIS = YES;
				CLANG_WARN_STRICT_PROTOTYPES = YES;
				CLANG_WARN_SUSPICIOUS_MOVE = YES;
				CLANG_WARN_UNGUARDED_AVAILABILITY = YES_AGGRESSIVE;
				CLANG_WARN_UNREACHABLE_CODE = YES;
				CLANG_WARN__DUPLICATE_METHOD_MATCH = YES;
				CODE_SIGN_IDENTITY = "iPhone Developer";
				COPY_PHASE_STRIP = NO;
				DEBUG_INFORMATION_FORMAT = dwarf;
				ENABLE_STRICT_OBJC_MSGSEND = YES;
				ENABLE_TESTABILITY = YES;
				GCC_C_LANGUAGE_STANDARD = gnu11;
				GCC_DYNAMIC_NO_PIC = NO;
				GCC_NO_COMMON_BLOCKS = YES;
				GCC_OPTIMIZATION_LEVEL = 0;
				GCC_PREPROCESSOR_DEFINITIONS = (
					"DEBUG=1",
					"$(inherited)",
				);
				GCC_WARN_64_TO_32_BIT_CONVERSION = YES;
				GCC_WARN_ABOUT_RETURN_TYPE = YES_ERROR;
				GCC_WARN_UNDECLARED_SELECTOR = YES;
				GCC_WARN_UNINITIALIZED_AUTOS = YES_AGGRESSIVE;
				GCC_WARN_UNUSED_FUNCTION = YES;
				GCC_WARN_UNUSED_VARIABLE = YES;
				IPHONEOS_DEPLOYMENT_TARGET = 11.2;
				MTL_ENABLE_DEBUG_INFO = YES;
				ONLY_ACTIVE_ARCH = YES;
				SDKROOT = iphoneos;
				SWIFT_ACTIVE_COMPILATION_CONDITIONS = DEBUG;
				SWIFT_OPTIMIZATION_LEVEL = "-Onone";
			};
			name = Debug;
		};
		4A3243ED1FE3B6EC00C0A3E5 /* Release */ = {
			isa = XCBuildConfiguration;
			buildSettings = {
				ALWAYS_SEARCH_USER_PATHS = NO;
				CLANG_ANALYZER_NONNULL = YES;
				CLANG_ANALYZER_NUMBER_OBJECT_CONVERSION = YES_AGGRESSIVE;
				CLANG_CXX_LANGUAGE_STANDARD = "gnu++14";
				CLANG_CXX_LIBRARY = "libc++";
				CLANG_ENABLE_MODULES = YES;
				CLANG_ENABLE_OBJC_ARC = YES;
				CLANG_WARN_BLOCK_CAPTURE_AUTORELEASING = YES;
				CLANG_WARN_BOOL_CONVERSION = YES;
				CLANG_WARN_COMMA = YES;
				CLANG_WARN_CONSTANT_CONVERSION = YES;
				CLANG_WARN_DIRECT_OBJC_ISA_USAGE = YES_ERROR;
				CLANG_WARN_DOCUMENTATION_COMMENTS = YES;
				CLANG_WARN_EMPTY_BODY = YES;
				CLANG_WARN_ENUM_CONVERSION = YES;
				CLANG_WARN_INFINITE_RECURSION = YES;
				CLANG_WARN_INT_CONVERSION = YES;
				CLANG_WARN_NON_LITERAL_NULL_CONVERSION = YES;
				CLANG_WARN_OBJC_LITERAL_CONVERSION = YES;
				CLANG_WARN_OBJC_ROOT_CLASS = YES_ERROR;
				CLANG_WARN_RANGE_LOOP_ANALYSIS = YES;
				CLANG_WARN_STRICT_PROTOTYPES = YES;
				CLANG_WARN_SUSPICIOUS_MOVE = YES;
				CLANG_WARN_UNGUARDED_AVAILABILITY = YES_AGGRESSIVE;
				CLANG_WARN_UNREACHABLE_CODE = YES;
				CLANG_WARN__DUPLICATE_METHOD_MATCH = YES;
				CODE_SIGN_IDENTITY = "iPhone Developer";
				COPY_PHASE_STRIP = NO;
				DEBUG_INFORMATION_FORMAT = "dwarf-with-dsym";
				ENABLE_NS_ASSERTIONS = NO;
				ENABLE_STRICT_OBJC_MSGSEND = YES;
				GCC_C_LANGUAGE_STANDARD = gnu11;
				GCC_NO_COMMON_BLOCKS = YES;
				GCC_WARN_64_TO_32_BIT_CONVERSION = YES;
				GCC_WARN_ABOUT_RETURN_TYPE = YES_ERROR;
				GCC_WARN_UNDECLARED_SELECTOR = YES;
				GCC_WARN_UNINITIALIZED_AUTOS = YES_AGGRESSIVE;
				GCC_WARN_UNUSED_FUNCTION = YES;
				GCC_WARN_UNUSED_VARIABLE = YES;
				IPHONEOS_DEPLOYMENT_TARGET = 11.2;
				MTL_ENABLE_DEBUG_INFO = NO;
				SDKROOT = iphoneos;
				SWIFT_OPTIMIZATION_LEVEL = "-Owholemodule";
				VALIDATE_PRODUCT = YES;
			};
			name = Release;
		};
		4A3243EF1FE3B6EC00C0A3E5 /* Debug */ = {
			isa = XCBuildConfiguration;
			buildSettings = {
				ASSETCATALOG_COMPILER_APPICON_NAME = AppIcon;
				CODE_SIGN_STYLE = Automatic;
				DEVELOPMENT_TEAM = BK6SYNX968;
				INFOPLIST_FILE = NameThatTune/Info.plist;
				LD_RUNPATH_SEARCH_PATHS = "$(inherited) @executable_path/Frameworks";
				PRODUCT_BUNDLE_IDENTIFIER = io.maldahleh.NameThatTune;
				PRODUCT_NAME = "$(TARGET_NAME)";
				SWIFT_VERSION = 4.0;
				TARGETED_DEVICE_FAMILY = "1,2";
			};
			name = Debug;
		};
		4A3243F01FE3B6EC00C0A3E5 /* Release */ = {
			isa = XCBuildConfiguration;
			buildSettings = {
				ASSETCATALOG_COMPILER_APPICON_NAME = AppIcon;
				CODE_SIGN_STYLE = Automatic;
				DEVELOPMENT_TEAM = BK6SYNX968;
				INFOPLIST_FILE = NameThatTune/Info.plist;
				LD_RUNPATH_SEARCH_PATHS = "$(inherited) @executable_path/Frameworks";
				PRODUCT_BUNDLE_IDENTIFIER = io.maldahleh.NameThatTune;
				PRODUCT_NAME = "$(TARGET_NAME)";
				SWIFT_VERSION = 4.0;
				TARGETED_DEVICE_FAMILY = "1,2";
			};
			name = Release;
		};
/* End XCBuildConfiguration section */

/* Begin XCConfigurationList section */
		4A3243D71FE3B6EC00C0A3E5 /* Build configuration list for PBXProject "NameThatTune" */ = {
			isa = XCConfigurationList;
			buildConfigurations = (
				4A3243EC1FE3B6EC00C0A3E5 /* Debug */,
				4A3243ED1FE3B6EC00C0A3E5 /* Release */,
			);
			defaultConfigurationIsVisible = 0;
			defaultConfigurationName = Release;
		};
		4A3243EE1FE3B6EC00C0A3E5 /* Build configuration list for PBXNativeTarget "NameThatTune" */ = {
			isa = XCConfigurationList;
			buildConfigurations = (
				4A3243EF1FE3B6EC00C0A3E5 /* Debug */,
				4A3243F01FE3B6EC00C0A3E5 /* Release */,
			);
			defaultConfigurationIsVisible = 0;
			defaultConfigurationName = Release;
		};
/* End XCConfigurationList section */
	};
	rootObject = 4A3243D41FE3B6EC00C0A3E5 /* Project object */;
}
